
Microsoft Visual Studio Solution File, Format Version 12.00
# Visual Studio Version 16
VisualStudioVersion = 16.0.29609.76
MinimumVisualStudioVersion = 10.0.40219.1
Project("{FAE04EC0-301F-11D3-BF4B-00C04F79EFBC}") = "ClearExcelService", "ClearExcelService.csproj", "{805A4DC3-F4FB-4B47-BD2D-38C4CDAEE47B}"
EndProject
Global
	GlobalSection(SolutionConfigurationPlatforms) = preSolution
		Debug|Any CPU = Debug|Any CPU
		Release|Any CPU = Release|Any CPU
	EndGlobalSection
	GlobalSection(ProjectConfigurationPlatforms) = postSolution
		{805A4DC3-F4FB-4B47-BD2D-38C4CDAEE47B}.Debug|Any CPU.ActiveCfg = Debug|Any CPU
		{805A4DC3-F4FB-4B47-BD2D-38C4CDAEE47B}.Debug|Any CPU.Build.0 = Debug|Any CPU
		{805A4DC3-F4FB-4B47-BD2D-38C4CDAEE47B}.Release|Any CPU.ActiveCfg = Release|Any CPU
		{805A4DC3-F4FB-4B47-BD2D-38C4CDAEE47B}.Release|Any CPU.Build.0 = Release|Any CPU
	EndGlobalSection
	GlobalSection(SolutionProperties) = preSolution
		HideSolutionNode = FALSE
	EndGlobalSection
	GlobalSection(ExtensibilityGlobals) = postSolution
		SolutionGuid = {1179F33C-E603-4D42-834F-BF32FBED8145}
	EndGlobalSection
EndGlobal
